
Microsoft Visual Studio Solution File, Format Version 10.00
# Visual Studio 2008
Project("{8BC9CEB8-8B4A-11D0-8D11-00A0C91BC942}") = "blib32", "blib32.vcproj", "{DF9C8BE2-D943-4EEC-A683-1A4AE1FB36F4}"
	ProjectSection(ProjectDependencies) = postProject
		{42C9CE48-7C69-453B-9EAD-5E31A47C15CF} = {42C9CE48-7C69-453B-9EAD-5E31A47C15CF}
		{3FBF474D-39CE-4C26-9F17-F7790B00350B} = {3FBF474D-39CE-4C26-9F17-F7790B00350B}
		{B7D4F495-5655-4EF4-B761-C4A747266806} = {B7D4F495-5655-4EF4-B761-C4A747266806}
		{AAE490AF-15D5-479A-8F8A-4D1BCEF7C7B5} = {AAE490AF-15D5-479A-8F8A-4D1BCEF7C7B5}
		{F86C83C8-2C9A-40F6-8303-2144032599BD} = {F86C83C8-2C9A-40F6-8303-2144032599BD}
		{F6C94CD1-B276-4941-AE12-C4E71D815B71} = {F6C94CD1-B276-4941-AE12-C4E71D815B71}
		{D2FEA2DB-0D0D-4398-9800-CDA32982E4A3} = {D2FEA2DB-0D0D-4398-9800-CDA32982E4A3}
	EndProjectSection
EndProject
Project("{8BC9CEB8-8B4A-11D0-8D11-00A0C91BC942}") = "Messages", "..\Messages\Messages.vcproj", "{F86C83C8-2C9A-40F6-8303-2144032599BD}"
EndProject
Project("{8BC9CEB8-8B4A-11D0-8D11-00A0C91BC942}") = "Serial", "..\Serial\Serial.vcproj", "{F6C94CD1-B276-4941-AE12-C4E71D815B71}"
EndProject
Project("{8BC9CEB8-8B4A-11D0-8D11-00A0C91BC942}") = "FileIO", "..\FileIO\FileIO.vcproj", "{42C9CE48-7C69-453B-9EAD-5E31A47C15CF}"
EndProject
Project("{8BC9CEB8-8B4A-11D0-8D11-00A0C91BC942}") = "Network", "..\Network\Network.vcproj", "{B7D4F495-5655-4EF4-B761-C4A747266806}"
EndProject
Project("{8BC9CEB8-8B4A-11D0-8D11-00A0C91BC942}") = "Security", "..\Security\Security.vcproj", "{3FBF474D-39CE-4C26-9F17-F7790B00350B}"
EndProject
Project("{8BC9CEB8-8B4A-11D0-8D11-00A0C91BC942}") = "Sql", "..\Sql\Sql.vcproj", "{D2FEA2DB-0D0D-4398-9800-CDA32982E4A3}"
EndProject
Project("{8BC9CEB8-8B4A-11D0-8D11-00A0C91BC942}") = "WebServing", "..\WebServing\WebServing.vcproj", "{AAE490AF-15D5-479A-8F8A-4D1BCEF7C7B5}"
EndProject
Global
	GlobalSection(SolutionConfigurationPlatforms) = preSolution
		Debug|Win32 = Debug|Win32
		Release|Win32 = Release|Win32
	EndGlobalSection
	GlobalSection(ProjectConfigurationPlatforms) = postSolution
		{DF9C8BE2-D943-4EEC-A683-1A4AE1FB36F4}.Debug|Win32.ActiveCfg = Debug|Win32
		{DF9C8BE2-D943-4EEC-A683-1A4AE1FB36F4}.Debug|Win32.Build.0 = Debug|Win32
		{DF9C8BE2-D943-4EEC-A683-1A4AE1FB36F4}.Release|Win32.ActiveCfg = Release|Win32
		{DF9C8BE2-D943-4EEC-A683-1A4AE1FB36F4}.Release|Win32.Build.0 = Release|Win32
		{F86C83C8-2C9A-40F6-8303-2144032599BD}.Debug|Win32.ActiveCfg = Debug|Win32
		{F86C83C8-2C9A-40F6-8303-2144032599BD}.Debug|Win32.Build.0 = Debug|Win32
		{F86C83C8-2C9A-40F6-8303-2144032599BD}.Release|Win32.ActiveCfg = Release|Win32
		{F86C83C8-2C9A-40F6-8303-2144032599BD}.Release|Win32.Build.0 = Release|Win32
		{F6C94CD1-B276-4941-AE12-C4E71D815B71}.Debug|Win32.ActiveCfg = Debug|Win32
		{F6C94CD1-B276-4941-AE12-C4E71D815B71}.Debug|Win32.Build.0 = Debug|Win32
		{F6C94CD1-B276-4941-AE12-C4E71D815B71}.Release|Win32.ActiveCfg = Release|Win32
		{F6C94CD1-B276-4941-AE12-C4E71D815B71}.Release|Win32.Build.0 = Release|Win32
		{42C9CE48-7C69-453B-9EAD-5E31A47C15CF}.Debug|Win32.ActiveCfg = Debug|Win32
		{42C9CE48-7C69-453B-9EAD-5E31A47C15CF}.Debug|Win32.Build.0 = Debug|Win32
		{42C9CE48-7C69-453B-9EAD-5E31A47C15CF}.Release|Win32.ActiveCfg = Release|Win32
		{42C9CE48-7C69-453B-9EAD-5E31A47C15CF}.Release|Win32.Build.0 = Release|Win32
		{B7D4F495-5655-4EF4-B761-C4A747266806}.Debug|Win32.ActiveCfg = Debug|Win32
		{B7D4F495-5655-4EF4-B761-C4A747266806}.Debug|Win32.Build.0 = Debug|Win32
		{B7D4F495-5655-4EF4-B761-C4A747266806}.Release|Win32.ActiveCfg = Release|Win32
		{B7D4F495-5655-4EF4-B761-C4A747266806}.Release|Win32.Build.0 = Release|Win32
		{3FBF474D-39CE-4C26-9F17-F7790B00350B}.Debug|Win32.ActiveCfg = Debug|Win32
		{3FBF474D-39CE-4C26-9F17-F7790B00350B}.Debug|Win32.Build.0 = Debug|Win32
		{3FBF474D-39CE-4C26-9F17-F7790B00350B}.Release|Win32.ActiveCfg = Release|Win32
		{3FBF474D-39CE-4C26-9F17-F7790B00350B}.Release|Win32.Build.0 = Release|Win32
		{D2FEA2DB-0D0D-4398-9800-CDA32982E4A3}.Debug|Win32.ActiveCfg = Debug|Win32
		{D2FEA2DB-0D0D-4398-9800-CDA32982E4A3}.Debug|Win32.Build.0 = Debug|Win32
		{D2FEA2DB-0D0D-4398-9800-CDA32982E4A3}.Release|Win32.ActiveCfg = Release|Win32
		{D2FEA2DB-0D0D-4398-9800-CDA32982E4A3}.Release|Win32.Build.0 = Release|Win32
		{AAE490AF-15D5-479A-8F8A-4D1BCEF7C7B5}.Debug|Win32.ActiveCfg = Debug|Win32
		{AAE490AF-15D5-479A-8F8A-4D1BCEF7C7B5}.Debug|Win32.Build.0 = Debug|Win32
		{AAE490AF-15D5-479A-8F8A-4D1BCEF7C7B5}.Release|Win32.ActiveCfg = Release|Win32
		{AAE490AF-15D5-479A-8F8A-4D1BCEF7C7B5}.Release|Win32.Build.0 = Release|Win32
	EndGlobalSection
	GlobalSection(SolutionProperties) = preSolution
		HideSolutionNode = FALSE
	EndGlobalSection
EndGlobal
