
Microsoft Visual Studio Solution File, Format Version 10.00
# Visual Studio 2008
Project("{8BC9CEB8-8B4A-11D0-8D11-00A0C91BC942}") = "DefaultTest", "DefaultTest.vcproj", "{DA88014D-F71A-42A0-B234-1DE9A7B810BD}"
EndProject
Project("{8BC9CEB8-8B4A-11D0-8D11-00A0C91BC942}") = "Core", "..\..\blib32Dll\Core\Core.vcproj", "{C14EBB44-5F1B-46D2-88C1-095CA040AEED}"
EndProject
Global
	GlobalSection(SolutionConfigurationPlatforms) = preSolution
		Debug|Win32 = Debug|Win32
		Release|Win32 = Release|Win32
	EndGlobalSection
	GlobalSection(ProjectConfigurationPlatforms) = postSolution
		{DA88014D-F71A-42A0-B234-1DE9A7B810BD}.Debug|Win32.ActiveCfg = Debug|Win32
		{DA88014D-F71A-42A0-B234-1DE9A7B810BD}.Debug|Win32.Build.0 = Debug|Win32
		{DA88014D-F71A-42A0-B234-1DE9A7B810BD}.Release|Win32.ActiveCfg = Release|Win32
		{DA88014D-F71A-42A0-B234-1DE9A7B810BD}.Release|Win32.Build.0 = Release|Win32
		{C14EBB44-5F1B-46D2-88C1-095CA040AEED}.Debug|Win32.ActiveCfg = Debug|Win32
		{C14EBB44-5F1B-46D2-88C1-095CA040AEED}.Debug|Win32.Build.0 = Debug|Win32
		{C14EBB44-5F1B-46D2-88C1-095CA040AEED}.Release|Win32.ActiveCfg = Release|Win32
		{C14EBB44-5F1B-46D2-88C1-095CA040AEED}.Release|Win32.Build.0 = Release|Win32
	EndGlobalSection
	GlobalSection(SolutionProperties) = preSolution
		HideSolutionNode = FALSE
	EndGlobalSection
EndGlobal
